{
  "name": "mock",
  "version": "1.0.0",
  "lockfileVersion": 1,
  "requires": true,
  "dependencies": {
    "JSONSelect": {
      "version": "0.4.0",
      "resolved": "https://registry.npmjs.org/JSONSelect/-/JSONSelect-0.4.0.tgz",
      "integrity": "sha1-oI7cxn6z/L6Z7WMIVTRKDPKCu40="
    },
    "ajax": {
      "version": "0.0.4",
      "resolved": "https://registry.npmjs.org/ajax/-/ajax-0.0.4.tgz",
      "integrity": "sha1-tvTOi9WQ9fS6Lc/eEd54nyCfJCM=",
      "requires": {
        "underscore": "^1.12.0"
      }
    },
    "augment": {
      "version": "3.2.1",
      "resolved": "https://registry.npmjs.org/augment/-/augment-3.2.1.tgz",
      "integrity": "sha1-7F2elFYUDvqxEQ/ds1LL5U5/sxw="
    },
    "bootstrap": {
      "version": "4.6.0",
      "resolved": "https://registry.npmjs.org/bootstrap/-/bootstrap-4.6.0.tgz",
      "integrity": "sha512-Io55IuQY3kydzHtbGvQya3H+KorS/M9rSNyfCGCg9WZ4pyT/lCxIlpJgG1GXW/PswzC84Tr2fBYi+7+jFVQQBw=="
    },
    "colors": {
      "version": "0.5.1",
      "resolved": "https://registry.npmjs.org/colors/-/colors-0.5.1.tgz",
      "integrity": "sha1-fQAj6usVTo7p/Oddy5I9DtFmd3Q="
    },
    "dotenv": {
      "version": "8.2.0",
      "resolved": "https://registry.npmjs.org/dotenv/-/dotenv-8.2.0.tgz",
      "integrity": "sha512-8sJ78ElpbDJBHNeBzUbUVLsqKdccaa/BXF1uPTw3GrvQTBgrQrtObr2mUrE38vzYd8cEv+m/JBfDLioYcfXoaw=="
    },
    "ebnf-parser": {
      "version": "0.1.10",
      "resolved": "https://registry.npmjs.org/ebnf-parser/-/ebnf-parser-0.1.10.tgz",
      "integrity": "sha1-zR9rpHfFY4xAyX7ZtXLbW6tdgzE="
    },
    "escodegen": {
      "version": "0.0.21",
      "resolved": "https://registry.npmjs.org/escodegen/-/escodegen-0.0.21.tgz",
      "integrity": "sha1-U9ZSz6EDA4gnlFilJmxf/HCcY8M=",
      "requires": {
        "esprima": "~1.0.2",
        "estraverse": "~0.0.4",
        "source-map": ">= 0.1.2"
      }
    },
    "esprima": {
      "version": "1.0.4",
      "resolved": "https://registry.npmjs.org/esprima/-/esprima-1.0.4.tgz",
      "integrity": "sha1-n1V+CPw7TSbs6d00+Pv0drYlha0="
    },
    "estraverse": {
      "version": "0.0.4",
      "resolved": "https://registry.npmjs.org/estraverse/-/estraverse-0.0.4.tgz",
      "integrity": "sha1-AaCTLf7ldGhKWYr1pnw7+bZCjbI="
    },
    "jison": {
      "version": "0.4.4",
      "resolved": "https://registry.npmjs.org/jison/-/jison-0.4.4.tgz",
      "integrity": "sha1-hrA7Ze/sAHqR9JPs6r5W+QqmtDk=",
      "requires": {
        "JSONSelect": "0.4.0",
        "ebnf-parser": "0.1.x",
        "escodegen": "0.0.21",
        "esprima": "1.0.x",
        "jison-lex": "0.2.x",
        "lex-parser": "0.1.x",
        "nomnom": "1.5.2"
      }
    },
    "jison-lex": {
      "version": "0.2.1",
      "resolved": "https://registry.npmjs.org/jison-lex/-/jison-lex-0.2.1.tgz",
      "integrity": "sha1-rEuBXozOUTLrErXfz+jXB7iETf4=",
      "requires": {
        "lex-parser": "0.1.x",
        "nomnom": "1.5.2"
      }
    },
    "jquery": {
      "version": "3.5.1",
      "resolved": "https://registry.npmjs.org/jquery/-/jquery-3.5.1.tgz",
      "integrity": "sha512-XwIBPqcMn57FxfT+Go5pzySnm4KWkT1Tv7gjrpT1srtf8Weynl6R273VJ5GjkRb51IzMp5nbaPjJXMWeju2MKg=="
    },
    "lex": {
      "version": "1.7.4",
      "resolved": "https://registry.npmjs.org/lex/-/lex-1.7.4.tgz",
      "integrity": "sha1-M91muYCjjXemxCTXFz5vQNYCwMU="
    },
    "lex-parser": {
      "version": "0.1.4",
      "resolved": "https://registry.npmjs.org/lex-parser/-/lex-parser-0.1.4.tgz",
      "integrity": "sha1-ZMTwJfF/1Tv7RXY/rrFvAVp0dVA="
    },
    "node": {
      "version": "15.4.0",
      "resolved": "https://registry.npmjs.org/node/-/node-15.4.0.tgz",
      "integrity": "sha512-5U2brpLFBE58pAEwbTD+QRUomMomtdeONZFwJcf0j2Cljj+vb6BecP9vDEKAY/r1XEsnjz9eaKjMfVms8dGKRA==",
      "requires": {
        "node-bin-setup": "^1.0.0"
      }
    },
    "node-bin-setup": {
      "version": "1.0.6",
      "resolved": "https://registry.npmjs.org/node-bin-setup/-/node-bin-setup-1.0.6.tgz",
      "integrity": "sha512-uPIxXNis1CRbv1DwqAxkgBk5NFV3s7cMN/Gf556jSw6jBvV7ca4F9lRL/8cALcZecRibeqU+5dFYqFFmzv5a0Q=="
    },
    "nomnom": {
      "version": "1.5.2",
      "resolved": "https://registry.npmjs.org/nomnom/-/nomnom-1.5.2.tgz",
      "integrity": "sha1-9DRUSKhTz71cDSYyDyR3qwUm/i8=",
      "requires": {
        "colors": "0.5.x",
        "underscore": "1.1.x"
      },
      "dependencies": {
        "underscore": {
          "version": "1.1.7",
          "resolved": "https://registry.npmjs.org/underscore/-/underscore-1.1.7.tgz",
          "integrity": "sha1-QLq4S60Z0jAJbo1u9ii/8FXYPbA="
        }
      }
    },
    "regex": {
      "version": "0.1.1",
      "resolved": "https://registry.npmjs.org/regex/-/regex-0.1.1.tgz",
      "integrity": "sha1-BYCZXRhGxTdqdiudNYuDBo0geu8=",
      "requires": {
        "augment": "3.2.1",
        "jison": "0.4.4",
        "lex": "1.7.4",
        "statemachines": "0.1.0"
      }
    },
    "sorted-array": {
      "version": "1.1.0",
      "resolved": "https://registry.npmjs.org/sorted-array/-/sorted-array-1.1.0.tgz",
      "integrity": "sha1-YamDJeQSu5CZm0usGN/tXzVkEC0="
    },
    "source-map": {
      "version": "0.7.3",
      "resolved": "https://registry.npmjs.org/source-map/-/source-map-0.7.3.tgz",
      "integrity": "sha512-CkCj6giN3S+n9qrYiBTX5gystlENnRW5jZeNLHpe6aue+SrHcG5VYwujhW9s4dY31mEGsxBDrHR6oI69fTXsaQ==",
      "optional": true
    },
    "statemachines": {
      "version": "0.1.0",
      "resolved": "https://registry.npmjs.org/statemachines/-/statemachines-0.1.0.tgz",
      "integrity": "sha1-tUX9PYpVKA8wK4aW8ZwKEcTjOt4=",
      "requires": {
        "augment": "3.2.1",
        "sorted-array": "1.1.0"
      }
    },
    "sweetalert2": {
      "version": "10.13.3",
      "resolved": "https://registry.npmjs.org/sweetalert2/-/sweetalert2-10.13.3.tgz",
      "integrity": "sha512-kSvTkXvc59+vPf9CfZ/wc/uvFkccxoOMLK1aUibN0mXU4hbYg/NylBTlmfvuUjJQ5SWL3X6s8w7AG5croH8U1w=="
    },
    "underscore": {
      "version": "1.12.0",
      "resolved": "https://registry.npmjs.org/underscore/-/underscore-1.12.0.tgz",
      "integrity": "sha512-21rQzss/XPMjolTiIezSu3JAjgagXKROtNrYFEOWK109qY1Uv2tVjPTZ1ci2HgvQDA16gHYSthQIJfB+XId/rQ=="
    }
  }
}
